# Code generated by scarb DO NOT EDIT.
version = 1

[[package]]
name = "contract"
version = "0.1.0"
dependencies = [
 "snforge_std_deprecated",
]

[[package]]
name = "snforge_scarb_plugin_deprecated"
version = "0.49.0"
source = "registry+https://scarbs.xyz/"
checksum = "sha256:c1aa8ac98f1c3cfa968a6c1fed2f9faf140733155f5fd3ac300b2059e70a8587"

[[package]]
name = "snforge_std_deprecated"
version = "0.49.0"
source = "registry+https://scarbs.xyz/"
checksum = "sha256:deb883648df0941c5def865b01a5ec7b083c95061e897366ae4342581a3b81bc"
dependencies = [
 "snforge_scarb_plugin_deprecated",
]
